
Microsoft Visual Studio Solution File, Format Version 12.00
# Visual Studio Version 16
VisualStudioVersion = 16.0.29326.143
MinimumVisualStudioVersion = 10.0.40219.1
Project("{8BC9CEB8-8B4A-11D0-8D11-00A0C91BC942}") = "rust_sdk", "rust_sdk\rust_sdk.vcxproj", "{FE52D13B-92E9-46A0-90B4-B934A6D1F7B1}"
EndProject
Global
	GlobalSection(SolutionConfigurationPlatforms) = preSolution
		Debug|x64 = Debug|x64
		Debug|x86 = Debug|x86
		Release|x64 = Release|x64
		Release|x86 = Release|x86
	EndGlobalSection
	GlobalSection(ProjectConfigurationPlatforms) = postSolution
		{FE52D13B-92E9-46A0-90B4-B934A6D1F7B1}.Debug|x64.ActiveCfg = Debug|x64
		{FE52D13B-92E9-46A0-90B4-B934A6D1F7B1}.Debug|x64.Build.0 = Debug|x64
		{FE52D13B-92E9-46A0-90B4-B934A6D1F7B1}.Debug|x86.ActiveCfg = Debug|Win32
		{FE52D13B-92E9-46A0-90B4-B934A6D1F7B1}.Debug|x86.Build.0 = Debug|Win32
		{FE52D13B-92E9-46A0-90B4-B934A6D1F7B1}.Release|x64.ActiveCfg = Release|x64
		{FE52D13B-92E9-46A0-90B4-B934A6D1F7B1}.Release|x64.Build.0 = Release|x64
		{FE52D13B-92E9-46A0-90B4-B934A6D1F7B1}.Release|x86.ActiveCfg = Release|Win32
		{FE52D13B-92E9-46A0-90B4-B934A6D1F7B1}.Release|x86.Build.0 = Release|Win32
	EndGlobalSection
	GlobalSection(SolutionProperties) = preSolution
		HideSolutionNode = FALSE
	EndGlobalSection
	GlobalSection(ExtensibilityGlobals) = postSolution
		SolutionGuid = {CA578705-4B3E-4621-AC37-6A49DA50D788}
	EndGlobalSection
EndGlobal
